
Microsoft Visual Studio Solution File, Format Version 12.00
# Visual Studio Version 16
VisualStudioVersion = 16.0.30114.105
MinimumVisualStudioVersion = 10.0.40219.1
Project("{6EC3EE1D-3C4E-46DD-8F32-0CC8E7565705}") = "Intro", "Intro\Intro.fsproj", "{6729F8B0-D0F5-419B-A17F-7F0B54DD2BEB}"
EndProject
Project("{F2A71F9B-5D33-465A-A702-920D77279786}") = "Intro.Test.NUnit", "Intro.Test.NUnit\Intro.Test.NUnit.fsproj", "{541AFB6E-B1EC-4E17-9BF7-7C56420C904F}"
EndProject
Project("{F2A71F9B-5D33-465A-A702-920D77279786}") = "Intro.Test.Expecto", "Intro.Test.Expecto\Intro.Test.Expecto.fsproj", "{7116F568-ACB0-442F-8317-2819A2BAF7A7}"
EndProject
Global
	GlobalSection(SolutionConfigurationPlatforms) = preSolution
		Debug|Any CPU = Debug|Any CPU
		Release|Any CPU = Release|Any CPU
	EndGlobalSection
	GlobalSection(ProjectConfigurationPlatforms) = postSolution
		{6729F8B0-D0F5-419B-A17F-7F0B54DD2BEB}.Debug|Any CPU.ActiveCfg = Debug|Any CPU
		{6729F8B0-D0F5-419B-A17F-7F0B54DD2BEB}.Debug|Any CPU.Build.0 = Debug|Any CPU
		{6729F8B0-D0F5-419B-A17F-7F0B54DD2BEB}.Release|Any CPU.ActiveCfg = Release|Any CPU
		{6729F8B0-D0F5-419B-A17F-7F0B54DD2BEB}.Release|Any CPU.Build.0 = Release|Any CPU
		{541AFB6E-B1EC-4E17-9BF7-7C56420C904F}.Debug|Any CPU.ActiveCfg = Debug|Any CPU
		{541AFB6E-B1EC-4E17-9BF7-7C56420C904F}.Debug|Any CPU.Build.0 = Debug|Any CPU
		{541AFB6E-B1EC-4E17-9BF7-7C56420C904F}.Release|Any CPU.ActiveCfg = Release|Any CPU
		{541AFB6E-B1EC-4E17-9BF7-7C56420C904F}.Release|Any CPU.Build.0 = Release|Any CPU
		{7116F568-ACB0-442F-8317-2819A2BAF7A7}.Debug|Any CPU.ActiveCfg = Debug|Any CPU
		{7116F568-ACB0-442F-8317-2819A2BAF7A7}.Debug|Any CPU.Build.0 = Debug|Any CPU
		{7116F568-ACB0-442F-8317-2819A2BAF7A7}.Release|Any CPU.ActiveCfg = Release|Any CPU
		{7116F568-ACB0-442F-8317-2819A2BAF7A7}.Release|Any CPU.Build.0 = Release|Any CPU
	EndGlobalSection
	GlobalSection(SolutionProperties) = preSolution
		HideSolutionNode = FALSE
	EndGlobalSection
	GlobalSection(ExtensibilityGlobals) = postSolution
		SolutionGuid = {F57EC6A3-2E4D-4371-B14A-AA6D3EA52987}
	EndGlobalSection
EndGlobal
